
Microsoft Visual Studio Solution File, Format Version 12.00
# Visual Studio Version 17
VisualStudioVersion = 17.7.34024.191
MinimumVisualStudioVersion = 10.0.40219.1
Project("{FAE04EC0-301F-11D3-BF4B-00C04F79EFBC}") = "TrabajoNew", "TrabajoNew.csproj", "{8311CB0D-047D-4FE2-BB41-6FDF09FEBBC3}"
EndProject
Global
	GlobalSection(SolutionConfigurationPlatforms) = preSolution
		Debug|Any CPU = Debug|Any CPU
		Release|Any CPU = Release|Any CPU
	EndGlobalSection
	GlobalSection(ProjectConfigurationPlatforms) = postSolution
		{8311CB0D-047D-4FE2-BB41-6FDF09FEBBC3}.Debug|Any CPU.ActiveCfg = Debug|Any CPU
		{8311CB0D-047D-4FE2-BB41-6FDF09FEBBC3}.Debug|Any CPU.Build.0 = Debug|Any CPU
		{8311CB0D-047D-4FE2-BB41-6FDF09FEBBC3}.Release|Any CPU.ActiveCfg = Release|Any CPU
		{8311CB0D-047D-4FE2-BB41-6FDF09FEBBC3}.Release|Any CPU.Build.0 = Release|Any CPU
	EndGlobalSection
	GlobalSection(SolutionProperties) = preSolution
		HideSolutionNode = FALSE
	EndGlobalSection
	GlobalSection(ExtensibilityGlobals) = postSolution
		SolutionGuid = {3CCF27EF-0CD7-4FEE-8446-DB428388E56B}
	EndGlobalSection
EndGlobal
